# This file is automatically @generated by Poetry 2.4.1 and should not be changed by hand.

[[package]]
name = "neo4j"
version = "6.2.0"
description = "Neo4j Bolt driver for Python"
optional = false
python-versions = ">=3.10"
groups = ["main"]
files = [
    {file = "neo4j-6.2.0-py3-none-any.whl", hash = "sha256:b87abdd13a5cc2e3bd51026926c2f20ac38fa3febe98c340520dce19e97388d0"},
    {file = "neo4j-6.2.0.tar.gz", hash = "sha256:e1e246b65b572bd8ea97f9e0e721b7d40a5ce53e53d0007c29aef63e4f9124d9"},
]

[package.dependencies]
pytz = "*"

[package.extras]
numpy = ["numpy (>=1.21.2,<3.0.0)"]
pandas = ["numpy (>=1.21.2,<3.0.0)", "pandas[timezone] (>=1.1.0,<4.0.0)"]
pyarrow = ["pyarrow (>=6.0.0,<25.0.0)"]

[[package]]
name = "pytz"
version = "2026.2"
description = "World timezone definitions, modern and historical"
optional = false
python-versions = "*"
groups = ["main"]
files = [
    {file = "pytz-2026.2-py2.py3-none-any.whl", hash = "sha256:04156e608bee23d3792fd45c94ae47fae1036688e75032eea2e3bf0323d1f126"},
    {file = "pytz-2026.2.tar.gz", hash = "sha256:0e60b47b29f21574376f218fe21abc009894a2321ea16c6754f3cad6eb7cdd6a"},
]

[metadata]
lock-version = "2.1"
python-versions = ">=3.11"
content-hash = "9f77d0fdec200a577f4c7200d2d64e10ec6f730b4c005294bb34023897312f82"
